// !$*UTF8*$!
{
	archiveVersion = 1;
	classes = {
	};
	objectVersion = 46;
	objects = {

/* Begin PBXBuildFile section */
		984E82F31EA3C9EF0094E0B8 /* kb.cpp in Sources */ = {isa = PBXBuildFile; fileRef = 984E82EF1EA3C9EF0094E0B8 /* kb.cpp */; };
/* End PBXBuildFile section */

/* Begin PBXCopyFilesBuildPhase section */
		98C40E9A1EA2B53C00D06AF8 /* CopyFiles */ = {
			isa = PBXCopyFilesBuildPhase;
			buildActionMask = 2147483647;
			dstPath = /usr/share/man/man1/;
			dstSubfolderSpec = 0;
			files = (
			);
			runOnlyForDeploymentPostprocessing = 1;
		};
/* End PBXCopyFilesBuildPhase section */

/* Begin PBXFileReference section */
		984E82EF1EA3C9EF0094E0B8 /* kb.cpp */ = {isa = PBXFileReference; fileEncoding = 4; lastKnownFileType = sourcecode.cpp.cpp; path = kb.cpp; sourceTree = "<group>"; };
		984E82F01EA3C9EF0094E0B8 /* line.cpp */ = {isa = PBXFileReference; fileEncoding = 4; lastKnownFileType = sourcecode.cpp.cpp; path = line.cpp; sourceTree = "<group>"; };
		984E82F11EA3C9EF0094E0B8 /* movies_abbreviated.txt */ = {isa = PBXFileReference; fileEncoding = 4; lastKnownFileType = text; path = movies_abbreviated.txt; sourceTree = "<group>"; };
		984E82F21EA3C9EF0094E0B8 /* movies.txt */ = {isa = PBXFileReference; fileEncoding = 4; lastKnownFileType = text; path = movies.txt; sourceTree = "<group>"; };
		984E82F51EA3D3F50094E0B8 /* graph.h */ = {isa = PBXFileReference; fileEncoding = 4; lastKnownFileType = sourcecode.c.h; path = graph.h; sourceTree = "<group>"; };
		984E82F61EA3D4070094E0B8 /* bfsurvey.h */ = {isa = PBXFileReference; fileEncoding = 4; lastKnownFileType = sourcecode.c.h; path = bfsurvey.h; sourceTree = "<group>"; };
		984E82F71EA3D4480094E0B8 /* hashtbl.h */ = {isa = PBXFileReference; fileEncoding = 4; lastKnownFileType = sourcecode.c.h; path = hashtbl.h; sourceTree = "<group>"; };
		984E82F81EA3DD4C0094E0B8 /* dfsurvey.h */ = {isa = PBXFileReference; fileEncoding = 4; lastKnownFileType = sourcecode.c.h; path = dfsurvey.h; sourceTree = "<group>"; };
		984E82F91EA425DE0094E0B8 /* movies_vshort.txt */ = {isa = PBXFileReference; fileEncoding = 4; lastKnownFileType = text; path = movies_vshort.txt; sourceTree = "<group>"; };
		984E82FA1EA43D5A0094E0B8 /* movies_tiny.txt */ = {isa = PBXFileReference; fileEncoding = 4; lastKnownFileType = text; path = movies_tiny.txt; sourceTree = "<group>"; };
		98C40E9C1EA2B53C00D06AF8 /* FSU MovieMatch */ = {isa = PBXFileReference; explicitFileType = "compiled.mach-o.executable"; includeInIndex = 0; path = "FSU MovieMatch"; sourceTree = BUILT_PRODUCTS_DIR; };
		98C40EA61EA2B55700D06AF8 /* moviematch.h */ = {isa = PBXFileReference; lastKnownFileType = sourcecode.c.h; path = moviematch.h; sourceTree = "<group>"; };
		98C40EA71EA2B59E00D06AF8 /* Support Files */ = {isa = PBXFileReference; lastKnownFileType = folder; path = "Support Files"; sourceTree = "<group>"; };
/* End PBXFileReference section */

/* Begin PBXFrameworksBuildPhase section */
		98C40E991EA2B53C00D06AF8 /* Frameworks */ = {
			isa = PBXFrameworksBuildPhase;
			buildActionMask = 2147483647;
			files = (
			);
			runOnlyForDeploymentPostprocessing = 0;
		};
/* End PBXFrameworksBuildPhase section */

/* Begin PBXGroup section */
		98C40E931EA2B53C00D06AF8 = {
			isa = PBXGroup;
			children = (
				98C40EA71EA2B59E00D06AF8 /* Support Files */,
				98C40E9E1EA2B53C00D06AF8 /* FSU MovieMatch */,
				98C40E9D1EA2B53C00D06AF8 /* Products */,
			);
			sourceTree = "<group>";
		};
		98C40E9D1EA2B53C00D06AF8 /* Products */ = {
			isa = PBXGroup;
			children = (
				98C40E9C1EA2B53C00D06AF8 /* FSU MovieMatch */,
			);
			name = Products;
			sourceTree = "<group>";
		};
		98C40E9E1EA2B53C00D06AF8 /* FSU MovieMatch */ = {
			isa = PBXGroup;
			children = (
				984E82F81EA3DD4C0094E0B8 /* dfsurvey.h */,
				984E82F71EA3D4480094E0B8 /* hashtbl.h */,
				984E82F61EA3D4070094E0B8 /* bfsurvey.h */,
				984E82F51EA3D3F50094E0B8 /* graph.h */,
				984E82EF1EA3C9EF0094E0B8 /* kb.cpp */,
				984E82F01EA3C9EF0094E0B8 /* line.cpp */,
				984E82FA1EA43D5A0094E0B8 /* movies_tiny.txt */,
				984E82F91EA425DE0094E0B8 /* movies_vshort.txt */,
				984E82F11EA3C9EF0094E0B8 /* movies_abbreviated.txt */,
				984E82F21EA3C9EF0094E0B8 /* movies.txt */,
				98C40EA61EA2B55700D06AF8 /* moviematch.h */,
			);
			path = "FSU MovieMatch";
			sourceTree = "<group>";
		};
/* End PBXGroup section */

/* Begin PBXNativeTarget section */
		98C40E9B1EA2B53C00D06AF8 /* FSU MovieMatch */ = {
			isa = PBXNativeTarget;
			buildConfigurationList = 98C40EA31EA2B53C00D06AF8 /* Build configuration list for PBXNativeTarget "FSU MovieMatch" */;
			buildPhases = (
				98C40E981EA2B53C00D06AF8 /* Sources */,
				98C40E991EA2B53C00D06AF8 /* Frameworks */,
				98C40E9A1EA2B53C00D06AF8 /* CopyFiles */,
			);
			buildRules = (
			);
			dependencies = (
			);
			name = "FSU MovieMatch";
			productName = "FSU MovieMatch";
			productReference = 98C40E9C1EA2B53C00D06AF8 /* FSU MovieMatch */;
			productType = "com.apple.product-type.tool";
		};
/* End PBXNativeTarget section */

/* Begin PBXProject section */
		98C40E941EA2B53C00D06AF8 /* Project object */ = {
			isa = PBXProject;
			attributes = {
				LastUpgradeCheck = 0830;
				ORGANIZATIONNAME = FSU;
				TargetAttributes = {
					98C40E9B1EA2B53C00D06AF8 = {
						CreatedOnToolsVersion = 8.1;
						ProvisioningStyle = Automatic;
					};
				};
			};
			buildConfigurationList = 98C40E971EA2B53C00D06AF8 /* Build configuration list for PBXProject "FSU MovieMatch" */;
			compatibilityVersion = "Xcode 3.2";
			developmentRegion = English;
			hasScannedForEncodings = 0;
			knownRegions = (
				en,
			);
			mainGroup = 98C40E931EA2B53C00D06AF8;
			productRefGroup = 98C40E9D1EA2B53C00D06AF8 /* Products */;
			projectDirPath = "";
			projectRoot = "";
			targets = (
				98C40E9B1EA2B53C00D06AF8 /* FSU MovieMatch */,
			);
		};
/* End PBXProject section */

/* Begin PBXSourcesBuildPhase section */
		98C40E981EA2B53C00D06AF8 /* Sources */ = {
			isa = PBXSourcesBuildPhase;
			buildActionMask = 2147483647;
			files = (
				984E82F31EA3C9EF0094E0B8 /* kb.cpp in Sources */,
			);
			runOnlyForDeploymentPostprocessing = 0;
		};
/* End PBXSourcesBuildPhase section */

/* Begin XCBuildConfiguration section */
		98C40EA11EA2B53C00D06AF8 /* Debug */ = {
			isa = XCBuildConfiguration;
			buildSettings = {
				ALWAYS_SEARCH_USER_PATHS = NO;
				CLANG_ANALYZER_NONNULL = YES;
				CLANG_CXX_LANGUAGE_STANDARD = "gnu++0x";
				CLANG_CXX_LIBRARY = "libc++";
				CLANG_ENABLE_MODULES = YES;
				CLANG_ENABLE_OBJC_ARC = YES;
				CLANG_WARN_BOOL_CONVERSION = YES;
				CLANG_WARN_CONSTANT_CONVERSION = YES;
				CLANG_WARN_DIRECT_OBJC_ISA_USAGE = YES_ERROR;
				CLANG_WARN_DOCUMENTATION_COMMENTS = YES;
				CLANG_WARN_EMPTY_BODY = YES;
				CLANG_WARN_ENUM_CONVERSION = YES;
				CLANG_WARN_INFINITE_RECURSION = YES;
				CLANG_WARN_INT_CONVERSION = YES;
				CLANG_WARN_OBJC_ROOT_CLASS = YES_ERROR;
				CLANG_WARN_SUSPICIOUS_MOVE = YES;
				CLANG_WARN_SUSPICIOUS_MOVES = YES;
				CLANG_WARN_UNREACHABLE_CODE = YES;
				CLANG_WARN__DUPLICATE_METHOD_MATCH = YES;
				CODE_SIGN_IDENTITY = "-";
				COPY_PHASE_STRIP = NO;
				DEBUG_INFORMATION_FORMAT = dwarf;
				ENABLE_STRICT_OBJC_MSGSEND = YES;
				ENABLE_TESTABILITY = YES;
				GCC_C_LANGUAGE_STANDARD = gnu99;
				GCC_DYNAMIC_NO_PIC = NO;
				GCC_NO_COMMON_BLOCKS = YES;
				GCC_OPTIMIZATION_LEVEL = 0;
				GCC_PREPROCESSOR_DEFINITIONS = (
					"DEBUG=1",
					"$(inherited)",
				);
				GCC_WARN_64_TO_32_BIT_CONVERSION = YES;
				GCC_WARN_ABOUT_RETURN_TYPE = YES_ERROR;
				GCC_WARN_UNDECLARED_SELECTOR = YES;
				GCC_WARN_UNINITIALIZED_AUTOS = YES_AGGRESSIVE;
				GCC_WARN_UNUSED_FUNCTION = YES;
				GCC_WARN_UNUSED_VARIABLE = YES;
				MACOSX_DEPLOYMENT_TARGET = 10.12;
				MTL_ENABLE_DEBUG_INFO = YES;
				ONLY_ACTIVE_ARCH = YES;
				OTHER_CPLUSPLUSFLAGS = (
					"-I$(PROJECT_DIR)",
					"-I$(PROJECT_DIR)/Support\\ Files/CPP",
					"-I$(PROJECT_DIR)/Support\\ Files/TCPP",
					"-I$(PROJECT_DIR)/FSU\\ MovieMatch",
				);
				SDKROOT = macosx;
			};
			name = Debug;
		};
		98C40EA21EA2B53C00D06AF8 /* Release */ = {
			isa = XCBuildConfiguration;
			buildSettings = {
				ALWAYS_SEARCH_USER_PATHS = NO;
				CLANG_ANALYZER_NONNULL = YES;
				CLANG_CXX_LANGUAGE_STANDARD = "gnu++0x";
				CLANG_CXX_LIBRARY = "libc++";
				CLANG_ENABLE_MODULES = YES;
				CLANG_ENABLE_OBJC_ARC = YES;
				CLANG_WARN_BOOL_CONVERSION = YES;
				CLANG_WARN_CONSTANT_CONVERSION = YES;
				CLANG_WARN_DIRECT_OBJC_ISA_USAGE = YES_ERROR;
				CLANG_WARN_DOCUMENTATION_COMMENTS = YES;
				CLANG_WARN_EMPTY_BODY = YES;
				CLANG_WARN_ENUM_CONVERSION = YES;
				CLANG_WARN_INFINITE_RECURSION = YES;
				CLANG_WARN_INT_CONVERSION = YES;
				CLANG_WARN_OBJC_ROOT_CLASS = YES_ERROR;
				CLANG_WARN_SUSPICIOUS_MOVE = YES;
				CLANG_WARN_SUSPICIOUS_MOVES = YES;
				CLANG_WARN_UNREACHABLE_CODE = YES;
				CLANG_WARN__DUPLICATE_METHOD_MATCH = YES;
				CODE_SIGN_IDENTITY = "-";
				COPY_PHASE_STRIP = NO;
				DEBUG_INFORMATION_FORMAT = "dwarf-with-dsym";
				ENABLE_NS_ASSERTIONS = NO;
				ENABLE_STRICT_OBJC_MSGSEND = YES;
				GCC_C_LANGUAGE_STANDARD = gnu99;
				GCC_NO_COMMON_BLOCKS = YES;
				GCC_WARN_64_TO_32_BIT_CONVERSION = YES;
				GCC_WARN_ABOUT_RETURN_TYPE = YES_ERROR;
				GCC_WARN_UNDECLARED_SELECTOR = YES;
				GCC_WARN_UNINITIALIZED_AUTOS = YES_AGGRESSIVE;
				GCC_WARN_UNUSED_FUNCTION = YES;
				GCC_WARN_UNUSED_VARIABLE = YES;
				MACOSX_DEPLOYMENT_TARGET = 10.12;
				MTL_ENABLE_DEBUG_INFO = NO;
				OTHER_CPLUSPLUSFLAGS = (
					"-I$(PROJECT_DIR)",
					"-I$(PROJECT_DIR)/Support\\ Files/CPP",
					"-I$(PROJECT_DIR)/Support\\ Files/TCPP",
					"-I$(PROJECT_DIR)/FSU\\ MovieMatch",
				);
				SDKROOT = macosx;
			};
			name = Release;
		};
		98C40EA41EA2B53C00D06AF8 /* Debug */ = {
			isa = XCBuildConfiguration;
			buildSettings = {
				MACOSX_DEPLOYMENT_TARGET = 10.10;
				PRODUCT_NAME = "$(TARGET_NAME)";
			};
			name = Debug;
		};
		98C40EA51EA2B53C00D06AF8 /* Release */ = {
			isa = XCBuildConfiguration;
			buildSettings = {
				MACOSX_DEPLOYMENT_TARGET = 10.10;
				PRODUCT_NAME = "$(TARGET_NAME)";
			};
			name = Release;
		};
/* End XCBuildConfiguration section */

/* Begin XCConfigurationList section */
		98C40E971EA2B53C00D06AF8 /* Build configuration list for PBXProject "FSU MovieMatch" */ = {
			isa = XCConfigurationList;
			buildConfigurations = (
				98C40EA11EA2B53C00D06AF8 /* Debug */,
				98C40EA21EA2B53C00D06AF8 /* Release */,
			);
			defaultConfigurationIsVisible = 0;
			defaultConfigurationName = Release;
		};
		98C40EA31EA2B53C00D06AF8 /* Build configuration list for PBXNativeTarget "FSU MovieMatch" */ = {
			isa = XCConfigurationList;
			buildConfigurations = (
				98C40EA41EA2B53C00D06AF8 /* Debug */,
				98C40EA51EA2B53C00D06AF8 /* Release */,
			);
			defaultConfigurationIsVisible = 0;
			defaultConfigurationName = Release;
		};
/* End XCConfigurationList section */
	};
	rootObject = 98C40E941EA2B53C00D06AF8 /* Project object */;
}
